
Microsoft Visual Studio Solution File, Format Version 12.00
# Visual Studio Version 17
VisualStudioVersion = 17.3.32922.545
MinimumVisualStudioVersion = 10.0.40219.1
Project("{FAE04EC0-301F-11D3-BF4B-00C04F79EFBC}") = "Lab_2", "Lab_2\Lab_2.csproj", "{390F1D00-1436-4BFD-A834-9BCF6698E8CB}"
EndProject
Global
	GlobalSection(SolutionConfigurationPlatforms) = preSolution
		Debug|Any CPU = Debug|Any CPU
		Release|Any CPU = Release|Any CPU
	EndGlobalSection
	GlobalSection(ProjectConfigurationPlatforms) = postSolution
		{390F1D00-1436-4BFD-A834-9BCF6698E8CB}.Debug|Any CPU.ActiveCfg = Debug|Any CPU
		{390F1D00-1436-4BFD-A834-9BCF6698E8CB}.Debug|Any CPU.Build.0 = Debug|Any CPU
		{390F1D00-1436-4BFD-A834-9BCF6698E8CB}.Release|Any CPU.ActiveCfg = Release|Any CPU
		{390F1D00-1436-4BFD-A834-9BCF6698E8CB}.Release|Any CPU.Build.0 = Release|Any CPU
	EndGlobalSection
	GlobalSection(SolutionProperties) = preSolution
		HideSolutionNode = FALSE
	EndGlobalSection
	GlobalSection(ExtensibilityGlobals) = postSolution
		SolutionGuid = {D6DC46D9-8E04-49CD-ADD4-5ECDAF9068E7}
	EndGlobalSection
EndGlobal
